
Microsoft Visual Studio Solution File, Format Version 12.00
# Visual Studio Version 17
VisualStudioVersion = 17.5.33627.172
MinimumVisualStudioVersion = 10.0.40219.1
Project("{FAE04EC0-301F-11D3-BF4B-00C04F79EFBC}") = "HomeWokEFCore", "HomeWokEFCore\HomeWokEFCore.csproj", "{0C63C51F-6716-4818-B68C-4DD2E0275BF4}"
EndProject
Global
	GlobalSection(SolutionConfigurationPlatforms) = preSolution
		Debug|Any CPU = Debug|Any CPU
		Release|Any CPU = Release|Any CPU
	EndGlobalSection
	GlobalSection(ProjectConfigurationPlatforms) = postSolution
		{0C63C51F-6716-4818-B68C-4DD2E0275BF4}.Debug|Any CPU.ActiveCfg = Debug|Any CPU
		{0C63C51F-6716-4818-B68C-4DD2E0275BF4}.Debug|Any CPU.Build.0 = Debug|Any CPU
		{0C63C51F-6716-4818-B68C-4DD2E0275BF4}.Release|Any CPU.ActiveCfg = Release|Any CPU
		{0C63C51F-6716-4818-B68C-4DD2E0275BF4}.Release|Any CPU.Build.0 = Release|Any CPU
	EndGlobalSection
	GlobalSection(SolutionProperties) = preSolution
		HideSolutionNode = FALSE
	EndGlobalSection
	GlobalSection(ExtensibilityGlobals) = postSolution
		SolutionGuid = {33A94FD5-1DA3-4311-BD61-FB20C66DFB00}
	EndGlobalSection
EndGlobal
